
Microsoft Visual Studio Solution File, Format Version 12.00
# Visual Studio 15
VisualStudioVersion = 15.0.26730.10
MinimumVisualStudioVersion = 10.0.40219.1
Project("{FAE04EC0-301F-11D3-BF4B-00C04F79EFBC}") = "Shopping", "Shopping\Shopping.csproj", "{4369D1C1-D850-433E-84C9-DF4EE42C5313}"
EndProject
Project("{FAE04EC0-301F-11D3-BF4B-00C04F79EFBC}") = "ServerApp", "ServerApp\ServerApp.csproj", "{03CCFCAA-9468-4DDC-A8F1-F135D7F2462D}"
EndProject
Project("{FAE04EC0-301F-11D3-BF4B-00C04F79EFBC}") = "ClientApp", "ClientApp\ClientApp.csproj", "{FC0061C4-CF80-4A66-8B8D-FC4D3E7F9125}"
EndProject
Global
	GlobalSection(SolutionConfigurationPlatforms) = preSolution
		Debug|Any CPU = Debug|Any CPU
		Release|Any CPU = Release|Any CPU
	EndGlobalSection
	GlobalSection(ProjectConfigurationPlatforms) = postSolution
		{4369D1C1-D850-433E-84C9-DF4EE42C5313}.Debug|Any CPU.ActiveCfg = Debug|Any CPU
		{4369D1C1-D850-433E-84C9-DF4EE42C5313}.Debug|Any CPU.Build.0 = Debug|Any CPU
		{4369D1C1-D850-433E-84C9-DF4EE42C5313}.Release|Any CPU.ActiveCfg = Release|Any CPU
		{4369D1C1-D850-433E-84C9-DF4EE42C5313}.Release|Any CPU.Build.0 = Release|Any CPU
		{03CCFCAA-9468-4DDC-A8F1-F135D7F2462D}.Debug|Any CPU.ActiveCfg = Debug|Any CPU
		{03CCFCAA-9468-4DDC-A8F1-F135D7F2462D}.Debug|Any CPU.Build.0 = Debug|Any CPU
		{03CCFCAA-9468-4DDC-A8F1-F135D7F2462D}.Release|Any CPU.ActiveCfg = Release|Any CPU
		{03CCFCAA-9468-4DDC-A8F1-F135D7F2462D}.Release|Any CPU.Build.0 = Release|Any CPU
		{FC0061C4-CF80-4A66-8B8D-FC4D3E7F9125}.Debug|Any CPU.ActiveCfg = Debug|Any CPU
		{FC0061C4-CF80-4A66-8B8D-FC4D3E7F9125}.Debug|Any CPU.Build.0 = Debug|Any CPU
		{FC0061C4-CF80-4A66-8B8D-FC4D3E7F9125}.Release|Any CPU.ActiveCfg = Release|Any CPU
		{FC0061C4-CF80-4A66-8B8D-FC4D3E7F9125}.Release|Any CPU.Build.0 = Release|Any CPU
	EndGlobalSection
	GlobalSection(SolutionProperties) = preSolution
		HideSolutionNode = FALSE
	EndGlobalSection
	GlobalSection(ExtensibilityGlobals) = postSolution
		SolutionGuid = {3535F0C7-DB28-4B7A-862E-5C230C99AF9B}
	EndGlobalSection
EndGlobal
